
Microsoft Visual Studio Solution File, Format Version 12.00
# Visual Studio 15
VisualStudioVersion = 15.0.27428.2037
MinimumVisualStudioVersion = 10.0.40219.1
Project("{9A19103F-16F7-4668-BE54-9A1E7A4F7556}") = "vuecli3_ts_bs4", "vuecli3_ts_bs4\vuecli3_ts_bs4.csproj", "{DA992F93-D54C-4CA4-90FA-16FB5DE04D40}"
EndProject
Global
	GlobalSection(SolutionConfigurationPlatforms) = preSolution
		Debug|Any CPU = Debug|Any CPU
		Release|Any CPU = Release|Any CPU
	EndGlobalSection
	GlobalSection(ProjectConfigurationPlatforms) = postSolution
		{DA992F93-D54C-4CA4-90FA-16FB5DE04D40}.Debug|Any CPU.ActiveCfg = Debug|Any CPU
		{DA992F93-D54C-4CA4-90FA-16FB5DE04D40}.Debug|Any CPU.Build.0 = Debug|Any CPU
		{DA992F93-D54C-4CA4-90FA-16FB5DE04D40}.Release|Any CPU.ActiveCfg = Release|Any CPU
		{DA992F93-D54C-4CA4-90FA-16FB5DE04D40}.Release|Any CPU.Build.0 = Release|Any CPU
	EndGlobalSection
	GlobalSection(SolutionProperties) = preSolution
		HideSolutionNode = FALSE
	EndGlobalSection
	GlobalSection(ExtensibilityGlobals) = postSolution
		SolutionGuid = {72A51A63-1C55-4173-B905-C3666479408C}
	EndGlobalSection
EndGlobal
